PODS:
  - CocoaAsyncSocket (7.6.3)

DEPENDENCIES:
  - CocoaAsyncSocket

SPEC REPOS:
  https://github.com/cocoapods/specs.git:
    - CocoaAsyncSocket

SPEC CHECKSUMS:
  CocoaAsyncSocket: eafaa68a7e0ec99ead0a7b35015e0bf25d2c8987

PODFILE CHECKSUM: b1f9d09d52140789928a5f64fb49de2b19172ada

COCOAPODS: 1.5.3
